
Microsoft Visual Studio Solution File, Format Version 12.00
# Visual Studio 2012
Project("{FAE04EC0-301F-11D3-BF4B-00C04F79EFBC}") = "DripSharp", "DripSharp\DripSharp.csproj", "{DF2E5E10-E6B0-4BD6-B068-28F5372D03C4}"
EndProject
Project("{2150E333-8FDC-42A3-9474-1A3956D46DE8}") = "Solution Items", "Solution Items", "{2B8D4A41-2810-4584-A511-7C154BE60E2D}"
	ProjectSection(SolutionItems) = preProject
		.gitignore = .gitignore
		readme.md = readme.md
	EndProjectSection
EndProject
Global
	GlobalSection(SolutionConfigurationPlatforms) = preSolution
		Debug|Any CPU = Debug|Any CPU
		Release|Any CPU = Release|Any CPU
	EndGlobalSection
	GlobalSection(ProjectConfigurationPlatforms) = postSolution
		{DF2E5E10-E6B0-4BD6-B068-28F5372D03C4}.Debug|Any CPU.ActiveCfg = Debug|Any CPU
		{DF2E5E10-E6B0-4BD6-B068-28F5372D03C4}.Debug|Any CPU.Build.0 = Debug|Any CPU
		{DF2E5E10-E6B0-4BD6-B068-28F5372D03C4}.Release|Any CPU.ActiveCfg = Release|Any CPU
		{DF2E5E10-E6B0-4BD6-B068-28F5372D03C4}.Release|Any CPU.Build.0 = Release|Any CPU
	EndGlobalSection
	GlobalSection(SolutionProperties) = preSolution
		HideSolutionNode = FALSE
	EndGlobalSection
EndGlobal
